# THIS IS AN AUTOGENERATED FILE. DO NOT EDIT THIS FILE DIRECTLY.
# yarn lockfile v1
he@^0.5.0:
  version "0.5.0"
  resolved "https://registry.yarnpkg.com/he/-/he-0.5.0.tgz#2c05ffaef90b68e860f3fd2b54ef580989277ee2"

snoocore:
  version "3.3.1"
  resolved "https://registry.yarnpkg.com/snoocore/-/snoocore-3.3.1.tgz#d27ef0782999a3b7ca059eec2b6f89710e579840"
  dependencies:
    he "^0.5.0"
    when "^3.6.3"

when@^3.6.3:
  version "3.7.7"
  resolved "https://registry.yarnpkg.com/when/-/when-3.7.7.tgz#aba03fc3bb736d6c88b091d013d8a8e590d84718"

